
Microsoft Visual Studio Solution File, Format Version 12.00
# Visual Studio Version 16
VisualStudioVersion = 16.0.30011.22
MinimumVisualStudioVersion = 10.0.40219.1
Project("{8BC9CEB8-8B4A-11D0-8D11-00A0C91BC942}") = "csgo_dll", "csgo_dll\csgo_dll.vcxproj", "{C237AB9B-7D0B-49E6-8BD3-20BF4ACF8858}"
EndProject
Global
	GlobalSection(SolutionConfigurationPlatforms) = preSolution
		Debug|x64 = Debug|x64
		Debug|x86 = Debug|x86
		Release|x64 = Release|x64
		Release|x86 = Release|x86
	EndGlobalSection
	GlobalSection(ProjectConfigurationPlatforms) = postSolution
		{C237AB9B-7D0B-49E6-8BD3-20BF4ACF8858}.Debug|x64.ActiveCfg = Debug|x64
		{C237AB9B-7D0B-49E6-8BD3-20BF4ACF8858}.Debug|x64.Build.0 = Debug|x64
		{C237AB9B-7D0B-49E6-8BD3-20BF4ACF8858}.Debug|x86.ActiveCfg = Debug|Win32
		{C237AB9B-7D0B-49E6-8BD3-20BF4ACF8858}.Debug|x86.Build.0 = Debug|Win32
		{C237AB9B-7D0B-49E6-8BD3-20BF4ACF8858}.Release|x64.ActiveCfg = Release|x64
		{C237AB9B-7D0B-49E6-8BD3-20BF4ACF8858}.Release|x64.Build.0 = Release|x64
		{C237AB9B-7D0B-49E6-8BD3-20BF4ACF8858}.Release|x86.ActiveCfg = Release|Win32
		{C237AB9B-7D0B-49E6-8BD3-20BF4ACF8858}.Release|x86.Build.0 = Release|Win32
	EndGlobalSection
	GlobalSection(SolutionProperties) = preSolution
		HideSolutionNode = FALSE
	EndGlobalSection
	GlobalSection(ExtensibilityGlobals) = postSolution
		SolutionGuid = {353C009B-0A1C-40EB-8AC4-09FADF800688}
	EndGlobalSection
EndGlobal
